{
  "requires": true,
  "lockfileVersion": 1,
  "dependencies": {
    "ispin": {
      "version": "2.0.1",
      "resolved": "https://registry.npmjs.org/ispin/-/ispin-2.0.1.tgz",
      "integrity": "sha512-3GsQm4FnxQHPJtL4/ZXLFEpf2w5Flsc2iga3R91XjwxWac/WFJG82ALGh/TES1pUCyN+a1K3auJxABn2g7+lYw=="
    }
  }
}
